
Microsoft Visual Studio Solution File, Format Version 12.00
Project("{FAE04EC0-301F-11D3-BF4B-00C04F79EFBC}") = "AlloyClient", "AlloyClient\AlloyClient.csproj", "{2A15EA5A-63E7-4015-AAF5-9132C7FF5F6D}"
EndProject
Project("{FAE04EC0-301F-11D3-BF4B-00C04F79EFBC}") = "Alloy.Common", "Alloy.Common\Alloy.Common.csproj", "{7C334904-592F-484C-9677-F8EC6EE85A15}"
EndProject
Project("{FAE04EC0-301F-11D3-BF4B-00C04F79EFBC}") = "Alloy.UiLib", "Alloy.UiLib\Alloy.UiLib.csproj", "{ECD5DBCA-99D6-4B8E-954A-9E95D33E2BE8}"
EndProject
Project("{FAE04EC0-301F-11D3-BF4B-00C04F79EFBC}") = "Alloy.ContentBuilder", "Alloy.ContentBuilder\Alloy.ContentBuilder.csproj", "{C320B980-46F2-454F-8A1D-7DC2B90DCDC4}"
EndProject
Project("{FAE04EC0-301F-11D3-BF4B-00C04F79EFBC}") = "Alloy.Engine", "Alloy.Engine\Alloy.Engine.csproj", "{658ADE15-E858-4CC7-9AA0-FAF1333C721B}"
EndProject
Project("{FAE04EC0-301F-11D3-BF4B-00C04F79EFBC}") = "Alloy.Audio", "Alloy.Audio\Alloy.Audio.csproj", "{8792F9F1-6BB2-4AF1-9A22-883EC257972D}"
EndProject
Project("{2150E333-8FDC-42A3-9474-1A3956D46DE8}") = "Modules", "Modules", "{ECD9BCE3-5F6A-40A1-84B2-9D322EF90386}"
EndProject
Project("{FAE04EC0-301F-11D3-BF4B-00C04F79EFBC}") = "Alloy.ContentReader", "Alloy.ContentReader\Alloy.ContentReader.csproj", "{4C01F53E-2ADB-4CC5-B7A6-01D761368FC5}"
EndProject
Project("{FAE04EC0-301F-11D3-BF4B-00C04F79EFBC}") = "Alloy.ShaderSourceGen", "Alloy.ShaderSourceGen\Alloy.ShaderSourceGen.csproj", "{6D386809-0F83-47E8-86FD-7C68C857B188}"
EndProject
Global
	GlobalSection(SolutionConfigurationPlatforms) = preSolution
		Debug|Any CPU = Debug|Any CPU
		Release|Any CPU = Release|Any CPU
	EndGlobalSection
	GlobalSection(ProjectConfigurationPlatforms) = postSolution
		{2A15EA5A-63E7-4015-AAF5-9132C7FF5F6D}.Debug|Any CPU.ActiveCfg = Debug|Any CPU
		{2A15EA5A-63E7-4015-AAF5-9132C7FF5F6D}.Debug|Any CPU.Build.0 = Debug|Any CPU
		{2A15EA5A-63E7-4015-AAF5-9132C7FF5F6D}.Release|Any CPU.ActiveCfg = Release|Any CPU
		{2A15EA5A-63E7-4015-AAF5-9132C7FF5F6D}.Release|Any CPU.Build.0 = Release|Any CPU
		{7C334904-592F-484C-9677-F8EC6EE85A15}.Debug|Any CPU.ActiveCfg = Debug|Any CPU
		{7C334904-592F-484C-9677-F8EC6EE85A15}.Debug|Any CPU.Build.0 = Debug|Any CPU
		{7C334904-592F-484C-9677-F8EC6EE85A15}.Release|Any CPU.ActiveCfg = Release|Any CPU
		{7C334904-592F-484C-9677-F8EC6EE85A15}.Release|Any CPU.Build.0 = Release|Any CPU
		{ECD5DBCA-99D6-4B8E-954A-9E95D33E2BE8}.Debug|Any CPU.ActiveCfg = Debug|Any CPU
		{ECD5DBCA-99D6-4B8E-954A-9E95D33E2BE8}.Debug|Any CPU.Build.0 = Debug|Any CPU
		{ECD5DBCA-99D6-4B8E-954A-9E95D33E2BE8}.Release|Any CPU.ActiveCfg = Release|Any CPU
		{ECD5DBCA-99D6-4B8E-954A-9E95D33E2BE8}.Release|Any CPU.Build.0 = Release|Any CPU
		{C320B980-46F2-454F-8A1D-7DC2B90DCDC4}.Debug|Any CPU.ActiveCfg = Debug|Any CPU
		{C320B980-46F2-454F-8A1D-7DC2B90DCDC4}.Debug|Any CPU.Build.0 = Debug|Any CPU
		{C320B980-46F2-454F-8A1D-7DC2B90DCDC4}.Release|Any CPU.ActiveCfg = Release|Any CPU
		{C320B980-46F2-454F-8A1D-7DC2B90DCDC4}.Release|Any CPU.Build.0 = Release|Any CPU
		{658ADE15-E858-4CC7-9AA0-FAF1333C721B}.Debug|Any CPU.ActiveCfg = Debug|Any CPU
		{658ADE15-E858-4CC7-9AA0-FAF1333C721B}.Debug|Any CPU.Build.0 = Debug|Any CPU
		{658ADE15-E858-4CC7-9AA0-FAF1333C721B}.Release|Any CPU.ActiveCfg = Release|Any CPU
		{658ADE15-E858-4CC7-9AA0-FAF1333C721B}.Release|Any CPU.Build.0 = Release|Any CPU
		{8792F9F1-6BB2-4AF1-9A22-883EC257972D}.Debug|Any CPU.ActiveCfg = Debug|Any CPU
		{8792F9F1-6BB2-4AF1-9A22-883EC257972D}.Debug|Any CPU.Build.0 = Debug|Any CPU
		{8792F9F1-6BB2-4AF1-9A22-883EC257972D}.Release|Any CPU.ActiveCfg = Release|Any CPU
		{8792F9F1-6BB2-4AF1-9A22-883EC257972D}.Release|Any CPU.Build.0 = Release|Any CPU
		{4C01F53E-2ADB-4CC5-B7A6-01D761368FC5}.Debug|Any CPU.ActiveCfg = Debug|Any CPU
		{4C01F53E-2ADB-4CC5-B7A6-01D761368FC5}.Debug|Any CPU.Build.0 = Debug|Any CPU
		{4C01F53E-2ADB-4CC5-B7A6-01D761368FC5}.Release|Any CPU.ActiveCfg = Release|Any CPU
		{4C01F53E-2ADB-4CC5-B7A6-01D761368FC5}.Release|Any CPU.Build.0 = Release|Any CPU
		{6D386809-0F83-47E8-86FD-7C68C857B188}.Debug|Any CPU.ActiveCfg = Debug|Any CPU
		{6D386809-0F83-47E8-86FD-7C68C857B188}.Debug|Any CPU.Build.0 = Debug|Any CPU
		{6D386809-0F83-47E8-86FD-7C68C857B188}.Release|Any CPU.ActiveCfg = Release|Any CPU
		{6D386809-0F83-47E8-86FD-7C68C857B188}.Release|Any CPU.Build.0 = Release|Any CPU
	EndGlobalSection
	GlobalSection(NestedProjects) = preSolution
		{8792F9F1-6BB2-4AF1-9A22-883EC257972D} = {ECD9BCE3-5F6A-40A1-84B2-9D322EF90386}
		{7C334904-592F-484C-9677-F8EC6EE85A15} = {ECD9BCE3-5F6A-40A1-84B2-9D322EF90386}
		{C320B980-46F2-454F-8A1D-7DC2B90DCDC4} = {ECD9BCE3-5F6A-40A1-84B2-9D322EF90386}
		{658ADE15-E858-4CC7-9AA0-FAF1333C721B} = {ECD9BCE3-5F6A-40A1-84B2-9D322EF90386}
		{ECD5DBCA-99D6-4B8E-954A-9E95D33E2BE8} = {ECD9BCE3-5F6A-40A1-84B2-9D322EF90386}
		{4C01F53E-2ADB-4CC5-B7A6-01D761368FC5} = {ECD9BCE3-5F6A-40A1-84B2-9D322EF90386}
		{6D386809-0F83-47E8-86FD-7C68C857B188} = {ECD9BCE3-5F6A-40A1-84B2-9D322EF90386}
	EndGlobalSection
EndGlobal
